
Microsoft Visual Studio Solution File, Format Version 10.00
# Visual Studio 2008
Project("{FAE04EC0-301F-11D3-BF4B-00C04F79EFBC}") = "DatabasePicExporter", "DatabasePicExporter.csproj", "{596AE3C6-ED5A-4396-A88B-2F82196AD953}"
EndProject
Global
	GlobalSection(SolutionConfigurationPlatforms) = preSolution
		Debug|Any CPU = Debug|Any CPU
		Release|Any CPU = Release|Any CPU
	EndGlobalSection
	GlobalSection(ProjectConfigurationPlatforms) = postSolution
		{596AE3C6-ED5A-4396-A88B-2F82196AD953}.Debug|Any CPU.ActiveCfg = Debug|Any CPU
		{596AE3C6-ED5A-4396-A88B-2F82196AD953}.Debug|Any CPU.Build.0 = Debug|Any CPU
		{596AE3C6-ED5A-4396-A88B-2F82196AD953}.Release|Any CPU.ActiveCfg = Release|Any CPU
		{596AE3C6-ED5A-4396-A88B-2F82196AD953}.Release|Any CPU.Build.0 = Release|Any CPU
	EndGlobalSection
	GlobalSection(SolutionProperties) = preSolution
		HideSolutionNode = FALSE
	EndGlobalSection
EndGlobal
